
Microsoft Visual Studio Solution File, Format Version 12.00
# Visual Studio Version 17
VisualStudioVersion = 17.6.33717.318
MinimumVisualStudioVersion = 10.0.40219.1
Project("{FAE04EC0-301F-11D3-BF4B-00C04F79EFBC}") = "OtusHomeWork4", "OtusHomeWork4\OtusHomeWork4.csproj", "{DE9904DF-74DB-47BC-B0C4-E028EB450410}"
EndProject
Global
	GlobalSection(SolutionConfigurationPlatforms) = preSolution
		Debug|Any CPU = Debug|Any CPU
		Release|Any CPU = Release|Any CPU
	EndGlobalSection
	GlobalSection(ProjectConfigurationPlatforms) = postSolution
		{DE9904DF-74DB-47BC-B0C4-E028EB450410}.Debug|Any CPU.ActiveCfg = Debug|Any CPU
		{DE9904DF-74DB-47BC-B0C4-E028EB450410}.Debug|Any CPU.Build.0 = Debug|Any CPU
		{DE9904DF-74DB-47BC-B0C4-E028EB450410}.Release|Any CPU.ActiveCfg = Release|Any CPU
		{DE9904DF-74DB-47BC-B0C4-E028EB450410}.Release|Any CPU.Build.0 = Release|Any CPU
	EndGlobalSection
	GlobalSection(SolutionProperties) = preSolution
		HideSolutionNode = FALSE
	EndGlobalSection
	GlobalSection(ExtensibilityGlobals) = postSolution
		SolutionGuid = {305D31BF-4977-4FB6-842E-9018D9767EC9}
	EndGlobalSection
EndGlobal
